
Microsoft Visual Studio Solution File, Format Version 12.00
# Visual Studio Version 17
VisualStudioVersion = 17.5.33424.131
MinimumVisualStudioVersion = 10.0.40219.1
Project("{9A19103F-16F7-4668-BE54-9A1E7A4F7556}") = "Tasks", "Tasks\Tasks.csproj", "{FFB54A15-709A-4C4E-8412-604C3CEE3D33}"
EndProject
Project("{9A19103F-16F7-4668-BE54-9A1E7A4F7556}") = "Tasks.PostgresMigrate", "Tasks.PostgresMigrate\Tasks.PostgresMigrate.csproj", "{67E501A8-F72F-4767-9237-4921E0E01765}"
EndProject
Project("{9A19103F-16F7-4668-BE54-9A1E7A4F7556}") = "Tasks.Logic", "Tasks.Logic\Tasks.Logic.csproj", "{0F5326AF-B4CB-4518-918D-34C0A3231D5F}"
EndProject
Project("{9A19103F-16F7-4668-BE54-9A1E7A4F7556}") = "Tasks.DAL", "Tasks.DAL\Tasks.DAL.csproj", "{BC1C3029-2B12-4618-BBE8-A7A91902687D}"
EndProject
Project("{FAE04EC0-301F-11D3-BF4B-00C04F79EFBC}") = "Tasks.DAL.EF", "Task.DAL.EF\Tasks.DAL.EF.csproj", "{CC547CEA-116A-49CC-8CE6-6DEAAF254151}"
EndProject
Project("{FAE04EC0-301F-11D3-BF4B-00C04F79EFBC}") = "Tasks.Domain", "Tasks.Domain\Tasks.Domain.csproj", "{F4086505-C012-4E4B-83A1-E8BE44AAEFDC}"
EndProject
Global
	GlobalSection(SolutionConfigurationPlatforms) = preSolution
		Debug|Any CPU = Debug|Any CPU
		Release|Any CPU = Release|Any CPU
	EndGlobalSection
	GlobalSection(ProjectConfigurationPlatforms) = postSolution
		{FFB54A15-709A-4C4E-8412-604C3CEE3D33}.Debug|Any CPU.ActiveCfg = Debug|Any CPU
		{FFB54A15-709A-4C4E-8412-604C3CEE3D33}.Debug|Any CPU.Build.0 = Debug|Any CPU
		{FFB54A15-709A-4C4E-8412-604C3CEE3D33}.Release|Any CPU.ActiveCfg = Release|Any CPU
		{FFB54A15-709A-4C4E-8412-604C3CEE3D33}.Release|Any CPU.Build.0 = Release|Any CPU
		{67E501A8-F72F-4767-9237-4921E0E01765}.Debug|Any CPU.ActiveCfg = Debug|Any CPU
		{67E501A8-F72F-4767-9237-4921E0E01765}.Debug|Any CPU.Build.0 = Debug|Any CPU
		{67E501A8-F72F-4767-9237-4921E0E01765}.Release|Any CPU.ActiveCfg = Release|Any CPU
		{67E501A8-F72F-4767-9237-4921E0E01765}.Release|Any CPU.Build.0 = Release|Any CPU
		{0F5326AF-B4CB-4518-918D-34C0A3231D5F}.Debug|Any CPU.ActiveCfg = Debug|Any CPU
		{0F5326AF-B4CB-4518-918D-34C0A3231D5F}.Debug|Any CPU.Build.0 = Debug|Any CPU
		{0F5326AF-B4CB-4518-918D-34C0A3231D5F}.Release|Any CPU.ActiveCfg = Release|Any CPU
		{0F5326AF-B4CB-4518-918D-34C0A3231D5F}.Release|Any CPU.Build.0 = Release|Any CPU
		{BC1C3029-2B12-4618-BBE8-A7A91902687D}.Debug|Any CPU.ActiveCfg = Debug|Any CPU
		{BC1C3029-2B12-4618-BBE8-A7A91902687D}.Debug|Any CPU.Build.0 = Debug|Any CPU
		{BC1C3029-2B12-4618-BBE8-A7A91902687D}.Release|Any CPU.ActiveCfg = Release|Any CPU
		{BC1C3029-2B12-4618-BBE8-A7A91902687D}.Release|Any CPU.Build.0 = Release|Any CPU
		{CC547CEA-116A-49CC-8CE6-6DEAAF254151}.Debug|Any CPU.ActiveCfg = Debug|Any CPU
		{CC547CEA-116A-49CC-8CE6-6DEAAF254151}.Debug|Any CPU.Build.0 = Debug|Any CPU
		{CC547CEA-116A-49CC-8CE6-6DEAAF254151}.Release|Any CPU.ActiveCfg = Release|Any CPU
		{CC547CEA-116A-49CC-8CE6-6DEAAF254151}.Release|Any CPU.Build.0 = Release|Any CPU
		{F4086505-C012-4E4B-83A1-E8BE44AAEFDC}.Debug|Any CPU.ActiveCfg = Debug|Any CPU
		{F4086505-C012-4E4B-83A1-E8BE44AAEFDC}.Debug|Any CPU.Build.0 = Debug|Any CPU
		{F4086505-C012-4E4B-83A1-E8BE44AAEFDC}.Release|Any CPU.ActiveCfg = Release|Any CPU
		{F4086505-C012-4E4B-83A1-E8BE44AAEFDC}.Release|Any CPU.Build.0 = Release|Any CPU
	EndGlobalSection
	GlobalSection(SolutionProperties) = preSolution
		HideSolutionNode = FALSE
	EndGlobalSection
	GlobalSection(ExtensibilityGlobals) = postSolution
		SolutionGuid = {6E57BDCE-17E4-4DBA-B685-3D09EC77EFC3}
	EndGlobalSection
EndGlobal
